
Microsoft Visual Studio Solution File, Format Version 12.00
# Visual Studio Version 17
VisualStudioVersion = 17.14.36623.8
MinimumVisualStudioVersion = 10.0.40219.1
Project("{FAE04EC0-301F-11D3-BF4B-00C04F79EFBC}") = "Common", "Common\Common.csproj", "{EEBBC957-0C55-42E6-ACA6-D276AAF68DA3}"
EndProject
Project("{FAE04EC0-301F-11D3-BF4B-00C04F79EFBC}") = "Checkout", "Checkout\Checkout.csproj", "{6CAC6817-59DA-4139-ADAF-B7DFF63FE144}"
EndProject
Project("{FAE04EC0-301F-11D3-BF4B-00C04F79EFBC}") = "Cart", "Cart\Cart.csproj", "{7E3D83B3-E55B-45F6-8D86-5C5A6B440CC5}"
EndProject
Project("{FAE04EC0-301F-11D3-BF4B-00C04F79EFBC}") = "Catalog", "Catalog\Catalog.csproj", "{1BFD3759-9C3F-4F9D-95E6-B555FE1D5016}"
EndProject
Project("{FAE04EC0-301F-11D3-BF4B-00C04F79EFBC}") = "Order", "Order\Order.csproj", "{C0808EC9-431D-4443-A3E1-F549FB4F3FB4}"
EndProject
Project("{2150E333-8FDC-42A3-9474-1A3956D46DE8}") = "02-BackOffice", "02-BackOffice", "{02EA681E-C7D8-13C7-8484-4AC65E1B71E8}"
EndProject
Project("{2150E333-8FDC-42A3-9474-1A3956D46DE8}") = "01-FrontOffice", "01-FrontOffice", "{0DEC31F9-561C-434A-B15D-76DB0505B31F}"
EndProject
Project("{FAE04EC0-301F-11D3-BF4B-00C04F79EFBC}") = "Payment", "Payment\Payment.csproj", "{143456E5-B125-3041-C84D-864877FFE22E}"
EndProject
Project("{FAE04EC0-301F-11D3-BF4B-00C04F79EFBC}") = "Logistics", "Logistics\Logistics.csproj", "{6D52BC51-E842-06D9-AABC-92B2A0DB6177}"
EndProject
Project("{FAE04EC0-301F-11D3-BF4B-00C04F79EFBC}") = "Marketing", "Marketing\Marketing.csproj", "{B5FE8301-B4D0-94BB-4246-4C209294BC4E}"
EndProject
Project("{2150E333-8FDC-42A3-9474-1A3956D46DE8}") = "99-CrossCutting", "99-CrossCutting", "{2E99D92B-5A6E-4F7F-858F-5BD78CC520D1}"
EndProject
Project("{FAE04EC0-301F-11D3-BF4B-00C04F79EFBC}") = "ServiceBus.HealthCheck", "ServiceBus.HealthCheck\ServiceBus.HealthCheck.csproj", "{F8D576D1-7ACB-4883-975F-9BB3062F7AB4}"
EndProject
Global
	GlobalSection(SolutionConfigurationPlatforms) = preSolution
		Debug|Any CPU = Debug|Any CPU
		Release|Any CPU = Release|Any CPU
	EndGlobalSection
	GlobalSection(ProjectConfigurationPlatforms) = postSolution
		{EEBBC957-0C55-42E6-ACA6-D276AAF68DA3}.Debug|Any CPU.ActiveCfg = Debug|Any CPU
		{EEBBC957-0C55-42E6-ACA6-D276AAF68DA3}.Debug|Any CPU.Build.0 = Debug|Any CPU
		{EEBBC957-0C55-42E6-ACA6-D276AAF68DA3}.Release|Any CPU.ActiveCfg = Release|Any CPU
		{EEBBC957-0C55-42E6-ACA6-D276AAF68DA3}.Release|Any CPU.Build.0 = Release|Any CPU
		{6CAC6817-59DA-4139-ADAF-B7DFF63FE144}.Debug|Any CPU.ActiveCfg = Debug|Any CPU
		{6CAC6817-59DA-4139-ADAF-B7DFF63FE144}.Debug|Any CPU.Build.0 = Debug|Any CPU
		{6CAC6817-59DA-4139-ADAF-B7DFF63FE144}.Release|Any CPU.ActiveCfg = Release|Any CPU
		{6CAC6817-59DA-4139-ADAF-B7DFF63FE144}.Release|Any CPU.Build.0 = Release|Any CPU
		{7E3D83B3-E55B-45F6-8D86-5C5A6B440CC5}.Debug|Any CPU.ActiveCfg = Debug|Any CPU
		{7E3D83B3-E55B-45F6-8D86-5C5A6B440CC5}.Debug|Any CPU.Build.0 = Debug|Any CPU
		{7E3D83B3-E55B-45F6-8D86-5C5A6B440CC5}.Release|Any CPU.ActiveCfg = Release|Any CPU
		{7E3D83B3-E55B-45F6-8D86-5C5A6B440CC5}.Release|Any CPU.Build.0 = Release|Any CPU
		{1BFD3759-9C3F-4F9D-95E6-B555FE1D5016}.Debug|Any CPU.ActiveCfg = Debug|Any CPU
		{1BFD3759-9C3F-4F9D-95E6-B555FE1D5016}.Debug|Any CPU.Build.0 = Debug|Any CPU
		{1BFD3759-9C3F-4F9D-95E6-B555FE1D5016}.Release|Any CPU.ActiveCfg = Release|Any CPU
		{1BFD3759-9C3F-4F9D-95E6-B555FE1D5016}.Release|Any CPU.Build.0 = Release|Any CPU
		{C0808EC9-431D-4443-A3E1-F549FB4F3FB4}.Debug|Any CPU.ActiveCfg = Debug|Any CPU
		{C0808EC9-431D-4443-A3E1-F549FB4F3FB4}.Debug|Any CPU.Build.0 = Debug|Any CPU
		{C0808EC9-431D-4443-A3E1-F549FB4F3FB4}.Release|Any CPU.ActiveCfg = Release|Any CPU
		{C0808EC9-431D-4443-A3E1-F549FB4F3FB4}.Release|Any CPU.Build.0 = Release|Any CPU
		{143456E5-B125-3041-C84D-864877FFE22E}.Debug|Any CPU.ActiveCfg = Debug|Any CPU
		{143456E5-B125-3041-C84D-864877FFE22E}.Debug|Any CPU.Build.0 = Debug|Any CPU
		{143456E5-B125-3041-C84D-864877FFE22E}.Release|Any CPU.ActiveCfg = Release|Any CPU
		{143456E5-B125-3041-C84D-864877FFE22E}.Release|Any CPU.Build.0 = Release|Any CPU
		{6D52BC51-E842-06D9-AABC-92B2A0DB6177}.Debug|Any CPU.ActiveCfg = Debug|Any CPU
		{6D52BC51-E842-06D9-AABC-92B2A0DB6177}.Debug|Any CPU.Build.0 = Debug|Any CPU
		{6D52BC51-E842-06D9-AABC-92B2A0DB6177}.Release|Any CPU.ActiveCfg = Release|Any CPU
		{6D52BC51-E842-06D9-AABC-92B2A0DB6177}.Release|Any CPU.Build.0 = Release|Any CPU
		{B5FE8301-B4D0-94BB-4246-4C209294BC4E}.Debug|Any CPU.ActiveCfg = Debug|Any CPU
		{B5FE8301-B4D0-94BB-4246-4C209294BC4E}.Debug|Any CPU.Build.0 = Debug|Any CPU
		{B5FE8301-B4D0-94BB-4246-4C209294BC4E}.Release|Any CPU.ActiveCfg = Release|Any CPU
		{B5FE8301-B4D0-94BB-4246-4C209294BC4E}.Release|Any CPU.Build.0 = Release|Any CPU
		{F8D576D1-7ACB-4883-975F-9BB3062F7AB4}.Debug|Any CPU.ActiveCfg = Debug|Any CPU
		{F8D576D1-7ACB-4883-975F-9BB3062F7AB4}.Debug|Any CPU.Build.0 = Debug|Any CPU
		{F8D576D1-7ACB-4883-975F-9BB3062F7AB4}.Release|Any CPU.ActiveCfg = Release|Any CPU
		{F8D576D1-7ACB-4883-975F-9BB3062F7AB4}.Release|Any CPU.Build.0 = Release|Any CPU
	EndGlobalSection
	GlobalSection(SolutionProperties) = preSolution
		HideSolutionNode = FALSE
	EndGlobalSection
	GlobalSection(NestedProjects) = preSolution
		{EEBBC957-0C55-42E6-ACA6-D276AAF68DA3} = {2E99D92B-5A6E-4F7F-858F-5BD78CC520D1}
		{6CAC6817-59DA-4139-ADAF-B7DFF63FE144} = {0DEC31F9-561C-434A-B15D-76DB0505B31F}
		{7E3D83B3-E55B-45F6-8D86-5C5A6B440CC5} = {0DEC31F9-561C-434A-B15D-76DB0505B31F}
		{1BFD3759-9C3F-4F9D-95E6-B555FE1D5016} = {0DEC31F9-561C-434A-B15D-76DB0505B31F}
		{C0808EC9-431D-4443-A3E1-F549FB4F3FB4} = {02EA681E-C7D8-13C7-8484-4AC65E1B71E8}
		{143456E5-B125-3041-C84D-864877FFE22E} = {02EA681E-C7D8-13C7-8484-4AC65E1B71E8}
		{6D52BC51-E842-06D9-AABC-92B2A0DB6177} = {02EA681E-C7D8-13C7-8484-4AC65E1B71E8}
		{B5FE8301-B4D0-94BB-4246-4C209294BC4E} = {02EA681E-C7D8-13C7-8484-4AC65E1B71E8}
		{F8D576D1-7ACB-4883-975F-9BB3062F7AB4} = {2E99D92B-5A6E-4F7F-858F-5BD78CC520D1}
	EndGlobalSection
	GlobalSection(ExtensibilityGlobals) = postSolution
		SolutionGuid = {B42EEAF2-5915-404F-AF7D-8F14E2699A9E}
	EndGlobalSection
EndGlobal
